
Microsoft Visual Studio Solution File, Format Version 12.00
# Visual Studio Version 17
VisualStudioVersion = 17.6.33829.357
MinimumVisualStudioVersion = 10.0.40219.1
Project("{FAE04EC0-301F-11D3-BF4B-00C04F79EFBC}") = "agecalculation", "agecalculation\agecalculation.csproj", "{203F915A-715F-404E-9F5E-6985C8AA7F5D}"
EndProject
Global
	GlobalSection(SolutionConfigurationPlatforms) = preSolution
		Debug|Any CPU = Debug|Any CPU
		Release|Any CPU = Release|Any CPU
	EndGlobalSection
	GlobalSection(ProjectConfigurationPlatforms) = postSolution
		{203F915A-715F-404E-9F5E-6985C8AA7F5D}.Debug|Any CPU.ActiveCfg = Debug|Any CPU
		{203F915A-715F-404E-9F5E-6985C8AA7F5D}.Debug|Any CPU.Build.0 = Debug|Any CPU
		{203F915A-715F-404E-9F5E-6985C8AA7F5D}.Release|Any CPU.ActiveCfg = Release|Any CPU
		{203F915A-715F-404E-9F5E-6985C8AA7F5D}.Release|Any CPU.Build.0 = Release|Any CPU
	EndGlobalSection
	GlobalSection(SolutionProperties) = preSolution
		HideSolutionNode = FALSE
	EndGlobalSection
	GlobalSection(ExtensibilityGlobals) = postSolution
		SolutionGuid = {C0107568-A4D2-426E-8FE3-4646C1BCAB90}
	EndGlobalSection
EndGlobal
